
Microsoft Visual Studio Solution File, Format Version 12.00
# Visual Studio Version 16
VisualStudioVersion = 16.0.29709.97
MinimumVisualStudioVersion = 10.0.40219.1
Project("{FAE04EC0-301F-11D3-BF4B-00C04F79EFBC}") = "Methods V2", "Methods V2.csproj", "{C22AC7B3-B69F-4885-8959-DC83E428482D}"
EndProject
Global
	GlobalSection(SolutionConfigurationPlatforms) = preSolution
		Debug|Any CPU = Debug|Any CPU
		Release|Any CPU = Release|Any CPU
	EndGlobalSection
	GlobalSection(ProjectConfigurationPlatforms) = postSolution
		{C22AC7B3-B69F-4885-8959-DC83E428482D}.Debug|Any CPU.ActiveCfg = Debug|Any CPU
		{C22AC7B3-B69F-4885-8959-DC83E428482D}.Debug|Any CPU.Build.0 = Debug|Any CPU
		{C22AC7B3-B69F-4885-8959-DC83E428482D}.Release|Any CPU.ActiveCfg = Release|Any CPU
		{C22AC7B3-B69F-4885-8959-DC83E428482D}.Release|Any CPU.Build.0 = Release|Any CPU
	EndGlobalSection
	GlobalSection(SolutionProperties) = preSolution
		HideSolutionNode = FALSE
	EndGlobalSection
	GlobalSection(ExtensibilityGlobals) = postSolution
		SolutionGuid = {4135F81A-E26A-414B-8CFD-3F436A10EA45}
	EndGlobalSection
EndGlobal
